
Microsoft Visual Studio Solution File, Format Version 12.00
# Visual Studio Version 16
VisualStudioVersion = 16.0.35425.106
MinimumVisualStudioVersion = 10.0.40219.1
Project("{FAE04EC0-301F-11D3-BF4B-00C04F79EFBC}") = "kolko-krzyzyk", "kolko-krzyzyk\kolko-krzyzyk.csproj", "{A6780C41-96E2-4428-A84B-F4C2EC0110E8}"
EndProject
Global
	GlobalSection(SolutionConfigurationPlatforms) = preSolution
		Debug|Any CPU = Debug|Any CPU
		Release|Any CPU = Release|Any CPU
	EndGlobalSection
	GlobalSection(ProjectConfigurationPlatforms) = postSolution
		{A6780C41-96E2-4428-A84B-F4C2EC0110E8}.Debug|Any CPU.ActiveCfg = Debug|Any CPU
		{A6780C41-96E2-4428-A84B-F4C2EC0110E8}.Debug|Any CPU.Build.0 = Debug|Any CPU
		{A6780C41-96E2-4428-A84B-F4C2EC0110E8}.Release|Any CPU.ActiveCfg = Release|Any CPU
		{A6780C41-96E2-4428-A84B-F4C2EC0110E8}.Release|Any CPU.Build.0 = Release|Any CPU
	EndGlobalSection
	GlobalSection(SolutionProperties) = preSolution
		HideSolutionNode = FALSE
	EndGlobalSection
	GlobalSection(ExtensibilityGlobals) = postSolution
		SolutionGuid = {5B827765-4B37-4954-B945-A551E3D26734}
	EndGlobalSection
EndGlobal
